// !$*UTF8*$!
{
	archiveVersion = 1;
	classes = {
	};
	objectVersion = 55;
	objects = {

/* Begin PBXBuildFile section */
		003141B62787B5C400FABFCD /* Documents.swift in Sources */ = {isa = PBXBuildFile; fileRef = 003141B52787B5C400FABFCD /* Documents.swift */; };
		003141B92787B72600FABFCD /* ImageManager.swift in Sources */ = {isa = PBXBuildFile; fileRef = 003141B82787B72600FABFCD /* ImageManager.swift */; };
		003141BB2787FFF900FABFCD /* DataService.swift in Sources */ = {isa = PBXBuildFile; fileRef = 003141BA2787FFF900FABFCD /* DataService.swift */; };
		005BC40327869CCA00147B52 /* SignInWithGoogle.swift in Sources */ = {isa = PBXBuildFile; fileRef = 005BC40227869CCA00147B52 /* SignInWithGoogle.swift */; };
		005BC4062786E6DD00147B52 /* AuthService.swift in Sources */ = {isa = PBXBuildFile; fileRef = 005BC4052786E6DD00147B52 /* AuthService.swift */; };
		00994B0527865A9600A47B84 /* SettingsEditTextView.swift in Sources */ = {isa = PBXBuildFile; fileRef = 00994B0427865A9600A47B84 /* SettingsEditTextView.swift */; };
		00994B0727865D7B00A47B84 /* SettingsEditImageView.swift in Sources */ = {isa = PBXBuildFile; fileRef = 00994B0627865D7B00A47B84 /* SettingsEditImageView.swift */; };
		00994B09278661D100A47B84 /* SignUpView.swift in Sources */ = {isa = PBXBuildFile; fileRef = 00994B08278661D100A47B84 /* SignUpView.swift */; };
		00994B0B278664E700A47B84 /* OnboardingView.swift in Sources */ = {isa = PBXBuildFile; fileRef = 00994B0A278664E600A47B84 /* OnboardingView.swift */; };
		00994B0D2786664100A47B84 /* SignInWithAppleButton.swift in Sources */ = {isa = PBXBuildFile; fileRef = 00994B0C2786664100A47B84 /* SignInWithAppleButton.swift */; };
		00994B0F2786687600A47B84 /* OnboardringViewPart2.swift in Sources */ = {isa = PBXBuildFile; fileRef = 00994B0E2786687600A47B84 /* OnboardringViewPart2.swift */; };
		00994B112786718100A47B84 /* LikeAnimationView.swift in Sources */ = {isa = PBXBuildFile; fileRef = 00994B102786718100A47B84 /* LikeAnimationView.swift */; };
		00994B1327868E7200A47B84 /* GoogleService-Info.plist in Resources */ = {isa = PBXBuildFile; fileRef = 00994B1227868E7200A47B84 /* GoogleService-Info.plist */; };
		00A6F354278516A800867E14 /* FeedView.swift in Sources */ = {isa = PBXBuildFile; fileRef = 00A6F353278516A800867E14 /* FeedView.swift */; };
		00A6F3562785175200867E14 /* PostView.swift in Sources */ = {isa = PBXBuildFile; fileRef = 00A6F3552785175200867E14 /* PostView.swift */; };
		00A6F35927851B1000867E14 /* Post.swift in Sources */ = {isa = PBXBuildFile; fileRef = 00A6F35827851B1000867E14 /* Post.swift */; };
		00A6F35B278522F200867E14 /* PostArrayObject.swift in Sources */ = {isa = PBXBuildFile; fileRef = 00A6F35A278522F200867E14 /* PostArrayObject.swift */; };
		00A6F35D2785251600867E14 /* CommentsView.swift in Sources */ = {isa = PBXBuildFile; fileRef = 00A6F35C2785251600867E14 /* CommentsView.swift */; };
		00A6F35F2785271800867E14 /* MessageView.swift in Sources */ = {isa = PBXBuildFile; fileRef = 00A6F35E2785271800867E14 /* MessageView.swift */; };
		00A6F3612785281D00867E14 /* Comment.swift in Sources */ = {isa = PBXBuildFile; fileRef = 00A6F3602785281D00867E14 /* Comment.swift */; };
		00A6F36327852D4D00867E14 /* BrowseView.swift in Sources */ = {isa = PBXBuildFile; fileRef = 00A6F36227852D4D00867E14 /* BrowseView.swift */; };
		00A6F36527852E6B00867E14 /* CarouselView.swift in Sources */ = {isa = PBXBuildFile; fileRef = 00A6F36427852E6B00867E14 /* CarouselView.swift */; };
		00A6F3672785793B00867E14 /* ImageGridView.swift in Sources */ = {isa = PBXBuildFile; fileRef = 00A6F3662785793B00867E14 /* ImageGridView.swift */; };
		00A6F36927857DE000867E14 /* UploadView.swift in Sources */ = {isa = PBXBuildFile; fileRef = 00A6F36827857DE000867E14 /* UploadView.swift */; };
		00A6F36B2785804C00867E14 /* ImagePicker.swift in Sources */ = {isa = PBXBuildFile; fileRef = 00A6F36A2785804C00867E14 /* ImagePicker.swift */; };
		00A6F36D278586C200867E14 /* PostImageView.swift in Sources */ = {isa = PBXBuildFile; fileRef = 00A6F36C278586C200867E14 /* PostImageView.swift */; };
		00A6F36F27858B7800867E14 /* ProfileView.swift in Sources */ = {isa = PBXBuildFile; fileRef = 00A6F36E27858B7800867E14 /* ProfileView.swift */; };
		00A6F37127858C5000867E14 /* ProfileHeaderView.swift in Sources */ = {isa = PBXBuildFile; fileRef = 00A6F37027858C5000867E14 /* ProfileHeaderView.swift */; };
		00A6F37327859A6400867E14 /* SettingsView.swift in Sources */ = {isa = PBXBuildFile; fileRef = 00A6F37227859A6400867E14 /* SettingsView.swift */; };
		00A6F37527859BC200867E14 /* SettingsLabelView.swift in Sources */ = {isa = PBXBuildFile; fileRef = 00A6F37427859BC200867E14 /* SettingsLabelView.swift */; };
		00A6F37727859D8B00867E14 /* SettingsRowView.swift in Sources */ = {isa = PBXBuildFile; fileRef = 00A6F37627859D8B00867E14 /* SettingsRowView.swift */; };
		00BF95E327850F4E0049B4A0 /* SocialApp.swift in Sources */ = {isa = PBXBuildFile; fileRef = 00BF95E227850F4E0049B4A0 /* SocialApp.swift */; };
		00BF95E527850F4E0049B4A0 /* ContentView.swift in Sources */ = {isa = PBXBuildFile; fileRef = 00BF95E427850F4E0049B4A0 /* ContentView.swift */; };
		00BF95E727850F500049B4A0 /* Assets.xcassets in Resources */ = {isa = PBXBuildFile; fileRef = 00BF95E627850F500049B4A0 /* Assets.xcassets */; };
		00BF95EA27850F500049B4A0 /* Preview Assets.xcassets in Resources */ = {isa = PBXBuildFile; fileRef = 00BF95E927850F500049B4A0 /* Preview Assets.xcassets */; };
		00BF95F22785113D0049B4A0 /* ColorExtensions.swift in Sources */ = {isa = PBXBuildFile; fileRef = 00BF95F12785113D0049B4A0 /* ColorExtensions.swift */; };
		00BF95F4278512AE0049B4A0 /* LaunchScreen.storyboard in Resources */ = {isa = PBXBuildFile; fileRef = 00BF95F3278512AE0049B4A0 /* LaunchScreen.storyboard */; };
		873BE5AB9B821D7A9ED5A50B /* Pods_Social.framework in Frameworks */ = {isa = PBXBuildFile; fileRef = ED522927C4435FBFDC7467FD /* Pods_Social.framework */; };
/* End PBXBuildFile section */

/* Begin PBXFileReference section */
		003141B52787B5C400FABFCD /* Documents.swift */ = {isa = PBXFileReference; lastKnownFileType = sourcecode.swift; path = Documents.swift; sourceTree = "<group>"; };
		003141B82787B72600FABFCD /* ImageManager.swift */ = {isa = PBXFileReference; lastKnownFileType = sourcecode.swift; path = ImageManager.swift; sourceTree = "<group>"; };
		003141BA2787FFF900FABFCD /* DataService.swift */ = {isa = PBXFileReference; lastKnownFileType = sourcecode.swift; path = DataService.swift; sourceTree = "<group>"; };
		005BC3FF2786989300147B52 /* Info.plist */ = {isa = PBXFileReference; lastKnownFileType = text.plist; path = Info.plist; sourceTree = "<group>"; };
		005BC40227869CCA00147B52 /* SignInWithGoogle.swift */ = {isa = PBXFileReference; lastKnownFileType = sourcecode.swift; path = SignInWithGoogle.swift; sourceTree = "<group>"; };
		005BC4052786E6DD00147B52 /* AuthService.swift */ = {isa = PBXFileReference; lastKnownFileType = sourcecode.swift; path = AuthService.swift; sourceTree = "<group>"; };
		00994B0427865A9600A47B84 /* SettingsEditTextView.swift */ = {isa = PBXFileReference; lastKnownFileType = sourcecode.swift; path = SettingsEditTextView.swift; sourceTree = "<group>"; };
		00994B0627865D7B00A47B84 /* SettingsEditImageView.swift */ = {isa = PBXFileReference; lastKnownFileType = sourcecode.swift; path = SettingsEditImageView.swift; sourceTree = "<group>"; };
		00994B08278661D100A47B84 /* SignUpView.swift */ = {isa = PBXFileReference; lastKnownFileType = sourcecode.swift; path = SignUpView.swift; sourceTree = "<group>"; };
		00994B0A278664E600A47B84 /* OnboardingView.swift */ = {isa = PBXFileReference; lastKnownFileType = sourcecode.swift; path = OnboardingView.swift; sourceTree = "<group>"; };
		00994B0C2786664100A47B84 /* SignInWithAppleButton.swift */ = {isa = PBXFileReference; lastKnownFileType = sourcecode.swift; path = SignInWithAppleButton.swift; sourceTree = "<group>"; };
		00994B0E2786687600A47B84 /* OnboardringViewPart2.swift */ = {isa = PBXFileReference; lastKnownFileType = sourcecode.swift; path = OnboardringViewPart2.swift; sourceTree = "<group>"; };
		00994B102786718100A47B84 /* LikeAnimationView.swift */ = {isa = PBXFileReference; lastKnownFileType = sourcecode.swift; path = LikeAnimationView.swift; sourceTree = "<group>"; };
		00994B1227868E7200A47B84 /* GoogleService-Info.plist */ = {isa = PBXFileReference; fileEncoding = 4; lastKnownFileType = text.plist.xml; path = "GoogleService-Info.plist"; sourceTree = "<group>"; };
		00A6F353278516A800867E14 /* FeedView.swift */ = {isa = PBXFileReference; lastKnownFileType = sourcecode.swift; path = FeedView.swift; sourceTree = "<group>"; };
		00A6F3552785175200867E14 /* PostView.swift */ = {isa = PBXFileReference; lastKnownFileType = sourcecode.swift; path = PostView.swift; sourceTree = "<group>"; };
		00A6F35827851B1000867E14 /* Post.swift */ = {isa = PBXFileReference; lastKnownFileType = sourcecode.swift; path = Post.swift; sourceTree = "<group>"; };
		00A6F35A278522F200867E14 /* PostArrayObject.swift */ = {isa = PBXFileReference; lastKnownFileType = sourcecode.swift; path = PostArrayObject.swift; sourceTree = "<group>"; };
		00A6F35C2785251600867E14 /* CommentsView.swift */ = {isa = PBXFileReference; lastKnownFileType = sourcecode.swift; path = CommentsView.swift; sourceTree = "<group>"; };
		00A6F35E2785271800867E14 /* MessageView.swift */ = {isa = PBXFileReference; lastKnownFileType = sourcecode.swift; path = MessageView.swift; sourceTree = "<group>"; };
		00A6F3602785281D00867E14 /* Comment.swift */ = {isa = PBXFileReference; lastKnownFileType = sourcecode.swift; path = Comment.swift; sourceTree = "<group>"; };
		00A6F36227852D4D00867E14 /* BrowseView.swift */ = {isa = PBXFileReference; lastKnownFileType = sourcecode.swift; path = BrowseView.swift; sourceTree = "<group>"; };
		00A6F36427852E6B00867E14 /* CarouselView.swift */ = {isa = PBXFileReference; lastKnownFileType = sourcecode.swift; path = CarouselView.swift; sourceTree = "<group>"; };
		00A6F3662785793B00867E14 /* ImageGridView.swift */ = {isa = PBXFileReference; lastKnownFileType = sourcecode.swift; path = ImageGridView.swift; sourceTree = "<group>"; };
		00A6F36827857DE000867E14 /* UploadView.swift */ = {isa = PBXFileReference; lastKnownFileType = sourcecode.swift; path = UploadView.swift; sourceTree = "<group>"; };
		00A6F36A2785804C00867E14 /* ImagePicker.swift */ = {isa = PBXFileReference; lastKnownFileType = sourcecode.swift; path = ImagePicker.swift; sourceTree = "<group>"; };
		00A6F36C278586C200867E14 /* PostImageView.swift */ = {isa = PBXFileReference; lastKnownFileType = sourcecode.swift; path = PostImageView.swift; sourceTree = "<group>"; };
		00A6F36E27858B7800867E14 /* ProfileView.swift */ = {isa = PBXFileReference; lastKnownFileType = sourcecode.swift; path = ProfileView.swift; sourceTree = "<group>"; };
		00A6F37027858C5000867E14 /* ProfileHeaderView.swift */ = {isa = PBXFileReference; lastKnownFileType = sourcecode.swift; path = ProfileHeaderView.swift; sourceTree = "<group>"; };
		00A6F37227859A6400867E14 /* SettingsView.swift */ = {isa = PBXFileReference; lastKnownFileType = sourcecode.swift; path = SettingsView.swift; sourceTree = "<group>"; };
		00A6F37427859BC200867E14 /* SettingsLabelView.swift */ = {isa = PBXFileReference; lastKnownFileType = sourcecode.swift; path = SettingsLabelView.swift; sourceTree = "<group>"; };
		00A6F37627859D8B00867E14 /* SettingsRowView.swift */ = {isa = PBXFileReference; lastKnownFileType = sourcecode.swift; path = SettingsRowView.swift; sourceTree = "<group>"; };
		00BF95DF27850F4E0049B4A0 /* Social.app */ = {isa = PBXFileReference; explicitFileType = wrapper.application; includeInIndex = 0; path = Social.app; sourceTree = BUILT_PRODUCTS_DIR; };
		00BF95E227850F4E0049B4A0 /* SocialApp.swift */ = {isa = PBXFileReference; lastKnownFileType = sourcecode.swift; path = SocialApp.swift; sourceTree = "<group>"; };
		00BF95E427850F4E0049B4A0 /* ContentView.swift */ = {isa = PBXFileReference; lastKnownFileType = sourcecode.swift; path = ContentView.swift; sourceTree = "<group>"; };
		00BF95E627850F500049B4A0 /* Assets.xcassets */ = {isa = PBXFileReference; lastKnownFileType = folder.assetcatalog; path = Assets.xcassets; sourceTree = "<group>"; };
		00BF95E927850F500049B4A0 /* Preview Assets.xcassets */ = {isa = PBXFileReference; lastKnownFileType = folder.assetcatalog; path = "Preview Assets.xcassets"; sourceTree = "<group>"; };
		00BF95F12785113D0049B4A0 /* ColorExtensions.swift */ = {isa = PBXFileReference; lastKnownFileType = sourcecode.swift; path = ColorExtensions.swift; sourceTree = "<group>"; };
		00BF95F3278512AE0049B4A0 /* LaunchScreen.storyboard */ = {isa = PBXFileReference; lastKnownFileType = file.storyboard; path = LaunchScreen.storyboard; sourceTree = "<group>"; };
		079B4646289EF45A4A239993 /* Pods-Social.release.xcconfig */ = {isa = PBXFileReference; includeInIndex = 1; lastKnownFileType = text.xcconfig; name = "Pods-Social.release.xcconfig"; path = "Target Support Files/Pods-Social/Pods-Social.release.xcconfig"; sourceTree = "<group>"; };
		E3CE9F1EC049F8D9D6D6F073 /* Pods-Social.debug.xcconfig */ = {isa = PBXFileReference; includeInIndex = 1; lastKnownFileType = text.xcconfig; name = "Pods-Social.debug.xcconfig"; path = "Target Support Files/Pods-Social/Pods-Social.debug.xcconfig"; sourceTree = "<group>"; };
		ED522927C4435FBFDC7467FD /* Pods_Social.framework */ = {isa = PBXFileReference; explicitFileType = wrapper.framework; includeInIndex = 0; path = Pods_Social.framework; sourceTree = BUILT_PRODUCTS_DIR; };
/* End PBXFileReference section */

/* Begin PBXFrameworksBuildPhase section */
		00BF95DC27850F4E0049B4A0 /* Frameworks */ = {
			isa = PBXFrameworksBuildPhase;
			buildActionMask = 2147483647;
			files = (
				873BE5AB9B821D7A9ED5A50B /* Pods_Social.framework in Frameworks */,
			);
			runOnlyForDeploymentPostprocessing = 0;
		};
/* End PBXFrameworksBuildPhase section */

/* Begin PBXGroup section */
		003141B42787B5A400FABFCD /* Helpers */ = {
			isa = PBXGroup;
			children = (
				003141B52787B5C400FABFCD /* Documents.swift */,
			);
			path = Helpers;
			sourceTree = "<group>";
		};
		003141B72787B71300FABFCD /* Utils */ = {
			isa = PBXGroup;
			children = (
				003141B82787B72600FABFCD /* ImageManager.swift */,
			);
			path = Utils;
			sourceTree = "<group>";
		};
		005BC40027869CA400147B52 /* Services */ = {
			isa = PBXGroup;
			children = (
				005BC4042786E6CC00147B52 /* Firebase */,
				005BC40127869CAC00147B52 /* SignInProviders */,
			);
			path = Services;
			sourceTree = "<group>";
		};
		005BC40127869CAC00147B52 /* SignInProviders */ = {
			isa = PBXGroup;
			children = (
				005BC40227869CCA00147B52 /* SignInWithGoogle.swift */,
			);
			path = SignInProviders;
			sourceTree = "<group>";
		};
		005BC4042786E6CC00147B52 /* Firebase */ = {
			isa = PBXGroup;
			children = (
				005BC4052786E6DD00147B52 /* AuthService.swift */,
				003141BA2787FFF900FABFCD /* DataService.swift */,
			);
			path = Firebase;
			sourceTree = "<group>";
		};
		00A6F35727851AFD00867E14 /* Models */ = {
			isa = PBXGroup;
			children = (
				00A6F3602785281D00867E14 /* Comment.swift */,
				00A6F35827851B1000867E14 /* Post.swift */,
				00A6F35A278522F200867E14 /* PostArrayObject.swift */,
			);
			path = Models;
			sourceTree = "<group>";
		};
		00BF95D627850F4E0049B4A0 = {
			isa = PBXGroup;
			children = (
				00BF95E127850F4E0049B4A0 /* Social */,
				00BF95E027850F4E0049B4A0 /* Products */,
				746B745FDAB753F20331511F /* Pods */,
				6934D2F52EB2C39C3F9324C4 /* Frameworks */,
			);
			sourceTree = "<group>";
		};
		00BF95E027850F4E0049B4A0 /* Products */ = {
			isa = PBXGroup;
			children = (
				00BF95DF27850F4E0049B4A0 /* Social.app */,
			);
			name = Products;
			sourceTree = "<group>";
		};
		00BF95E127850F4E0049B4A0 /* Social */ = {
			isa = PBXGroup;
			children = (
				00994B1227868E7200A47B84 /* GoogleService-Info.plist */,
				005BC3FF2786989300147B52 /* Info.plist */,
				00BF95E227850F4E0049B4A0 /* SocialApp.swift */,
				00BF95E627850F500049B4A0 /* Assets.xcassets */,
				00BF95F0278511330049B4A0 /* Extensions */,
				003141B42787B5A400FABFCD /* Helpers */,
				00A6F35727851AFD00867E14 /* Models */,
				00BF95E827850F500049B4A0 /* Preview Content */,
				005BC40027869CA400147B52 /* Services */,
				003141B72787B71300FABFCD /* Utils */,
				00BF95F5278513D60049B4A0 /* Views */,
			);
			path = Social;
			sourceTree = "<group>";
		};
		00BF95E827850F500049B4A0 /* Preview Content */ = {
			isa = PBXGroup;
			children = (
				00BF95E927850F500049B4A0 /* Preview Assets.xcassets */,
			);
			path = "Preview Content";
			sourceTree = "<group>";
		};
		00BF95F0278511330049B4A0 /* Extensions */ = {
			isa = PBXGroup;
			children = (
				00BF95F12785113D0049B4A0 /* ColorExtensions.swift */,
			);
			path = Extensions;
			sourceTree = "<group>";
		};
		00BF95F5278513D60049B4A0 /* Views */ = {
			isa = PBXGroup;
			children = (
				00BF95F7278513E40049B4A0 /* Components */,
				00BF95F6278513DE0049B4A0 /* Screens */,
			);
			path = Views;
			sourceTree = "<group>";
		};
		00BF95F6278513DE0049B4A0 /* Screens */ = {
			isa = PBXGroup;
			children = (
				00BF95F3278512AE0049B4A0 /* LaunchScreen.storyboard */,
				00A6F36227852D4D00867E14 /* BrowseView.swift */,
				00A6F35C2785251600867E14 /* CommentsView.swift */,
				00BF95E427850F4E0049B4A0 /* ContentView.swift */,
				00A6F353278516A800867E14 /* FeedView.swift */,
				00994B0A278664E600A47B84 /* OnboardingView.swift */,
				00994B0E2786687600A47B84 /* OnboardringViewPart2.swift */,
				00A6F36C278586C200867E14 /* PostImageView.swift */,
				00A6F36E27858B7800867E14 /* ProfileView.swift */,
				00994B0627865D7B00A47B84 /* SettingsEditImageView.swift */,
				00994B0427865A9600A47B84 /* SettingsEditTextView.swift */,
				00A6F37227859A6400867E14 /* SettingsView.swift */,
				00994B08278661D100A47B84 /* SignUpView.swift */,
				00A6F36827857DE000867E14 /* UploadView.swift */,
			);
			path = Screens;
			sourceTree = "<group>";
		};
		00BF95F7278513E40049B4A0 /* Components */ = {
			isa = PBXGroup;
			children = (
				00A6F36427852E6B00867E14 /* CarouselView.swift */,
				00A6F3662785793B00867E14 /* ImageGridView.swift */,
				00A6F36A2785804C00867E14 /* ImagePicker.swift */,
				00A6F35E2785271800867E14 /* MessageView.swift */,
				00A6F3552785175200867E14 /* PostView.swift */,
				00A6F37027858C5000867E14 /* ProfileHeaderView.swift */,
				00A6F37427859BC200867E14 /* SettingsLabelView.swift */,
				00A6F37627859D8B00867E14 /* SettingsRowView.swift */,
				00994B0C2786664100A47B84 /* SignInWithAppleButton.swift */,
				00994B102786718100A47B84 /* LikeAnimationView.swift */,
			);
			path = Components;
			sourceTree = "<group>";
		};
		6934D2F52EB2C39C3F9324C4 /* Frameworks */ = {
			isa = PBXGroup;
			children = (
				ED522927C4435FBFDC7467FD /* Pods_Social.framework */,
			);
			name = Frameworks;
			sourceTree = "<group>";
		};
		746B745FDAB753F20331511F /* Pods */ = {
			isa = PBXGroup;
			children = (
				E3CE9F1EC049F8D9D6D6F073 /* Pods-Social.debug.xcconfig */,
				079B4646289EF45A4A239993 /* Pods-Social.release.xcconfig */,
			);
			path = Pods;
			sourceTree = "<group>";
		};
/* End PBXGroup section */

/* Begin PBXNativeTarget section */
		00BF95DE27850F4E0049B4A0 /* Social */ = {
			isa = PBXNativeTarget;
			buildConfigurationList = 00BF95ED27850F500049B4A0 /* Build configuration list for PBXNativeTarget "Social" */;
			buildPhases = (
				3FDE3E3885523C11E4B45704 /* [CP] Check Pods Manifest.lock */,
				00BF95DB27850F4E0049B4A0 /* Sources */,
				00BF95DC27850F4E0049B4A0 /* Frameworks */,
				00BF95DD27850F4E0049B4A0 /* Resources */,
				FC6BCAA0A6964D9B2FFE6543 /* [CP] Embed Pods Frameworks */,
			);
			buildRules = (
			);
			dependencies = (
			);
			name = Social;
			productName = Social;
			productReference = 00BF95DF27850F4E0049B4A0 /* Social.app */;
			productType = "com.apple.product-type.application";
		};
/* End PBXNativeTarget section */

/* Begin PBXProject section */
		00BF95D727850F4E0049B4A0 /* Project object */ = {
			isa = PBXProject;
			attributes = {
				BuildIndependentTargetsInParallel = 1;
				LastSwiftUpdateCheck = 1320;
				LastUpgradeCheck = 1320;
				TargetAttributes = {
					00BF95DE27850F4E0049B4A0 = {
						CreatedOnToolsVersion = 13.2.1;
					};
				};
			};
			buildConfigurationList = 00BF95DA27850F4E0049B4A0 /* Build configuration list for PBXProject "Social" */;
			compatibilityVersion = "Xcode 13.0";
			developmentRegion = en;
			hasScannedForEncodings = 0;
			knownRegions = (
				en,
				Base,
			);
			mainGroup = 00BF95D627850F4E0049B4A0;
			productRefGroup = 00BF95E027850F4E0049B4A0 /* Products */;
			projectDirPath = "";
			projectRoot = "";
			targets = (
				00BF95DE27850F4E0049B4A0 /* Social */,
			);
		};
/* End PBXProject section */

/* Begin PBXResourcesBuildPhase section */
		00BF95DD27850F4E0049B4A0 /* Resources */ = {
			isa = PBXResourcesBuildPhase;
			buildActionMask = 2147483647;
			files = (
				00BF95F4278512AE0049B4A0 /* LaunchScreen.storyboard in Resources */,
				00994B1327868E7200A47B84 /* GoogleService-Info.plist in Resources */,
				00BF95EA27850F500049B4A0 /* Preview Assets.xcassets in Resources */,
				00BF95E727850F500049B4A0 /* Assets.xcassets in Resources */,
			);
			runOnlyForDeploymentPostprocessing = 0;
		};
/* End PBXResourcesBuildPhase section */

/* Begin PBXShellScriptBuildPhase section */
		3FDE3E3885523C11E4B45704 /* [CP] Check Pods Manifest.lock */ = {
			isa = PBXShellScriptBuildPhase;
			buildActionMask = 2147483647;
			files = (
			);
			inputFileListPaths = (
			);
			inputPaths = (
				"${PODS_PODFILE_DIR_PATH}/Podfile.lock",
				"${PODS_ROOT}/Manifest.lock",
			);
			name = "[CP] Check Pods Manifest.lock";
			outputFileListPaths = (
			);
			outputPaths = (
				"$(DERIVED_FILE_DIR)/Pods-Social-checkManifestLockResult.txt",
			);
			runOnlyForDeploymentPostprocessing = 0;
			shellPath = /bin/sh;
			shellScript = "diff \"${PODS_PODFILE_DIR_PATH}/Podfile.lock\" \"${PODS_ROOT}/Manifest.lock\" > /dev/null\nif [ $? != 0 ] ; then\n    # print error to STDERR\n    echo \"error: The sandbox is not in sync with the Podfile.lock. Run 'pod install' or update your CocoaPods installation.\" >&2\n    exit 1\nfi\n# This output is used by Xcode 'outputs' to avoid re-running this script phase.\necho \"SUCCESS\" > \"${SCRIPT_OUTPUT_FILE_0}\"\n";
			showEnvVarsInLog = 0;
		};
		FC6BCAA0A6964D9B2FFE6543 /* [CP] Embed Pods Frameworks */ = {
			isa = PBXShellScriptBuildPhase;
			buildActionMask = 2147483647;
			files = (
			);
			inputFileListPaths = (
				"${PODS_ROOT}/Target Support Files/Pods-Social/Pods-Social-frameworks-${CONFIGURATION}-input-files.xcfilelist",
			);
			name = "[CP] Embed Pods Frameworks";
			outputFileListPaths = (
				"${PODS_ROOT}/Target Support Files/Pods-Social/Pods-Social-frameworks-${CONFIGURATION}-output-files.xcfilelist",
			);
			runOnlyForDeploymentPostprocessing = 0;
			shellPath = /bin/sh;
			shellScript = "\"${PODS_ROOT}/Target Support Files/Pods-Social/Pods-Social-frameworks.sh\"\n";
			showEnvVarsInLog = 0;
		};
/* End PBXShellScriptBuildPhase section */

/* Begin PBXSourcesBuildPhase section */
		00BF95DB27850F4E0049B4A0 /* Sources */ = {
			isa = PBXSourcesBuildPhase;
			buildActionMask = 2147483647;
			files = (
				00A6F354278516A800867E14 /* FeedView.swift in Sources */,
				003141B62787B5C400FABFCD /* Documents.swift in Sources */,
				00BF95E527850F4E0049B4A0 /* ContentView.swift in Sources */,
				00A6F37527859BC200867E14 /* SettingsLabelView.swift in Sources */,
				00A6F36D278586C200867E14 /* PostImageView.swift in Sources */,
				005BC40327869CCA00147B52 /* SignInWithGoogle.swift in Sources */,
				00994B09278661D100A47B84 /* SignUpView.swift in Sources */,
				00BF95E327850F4E0049B4A0 /* SocialApp.swift in Sources */,
				00A6F35F2785271800867E14 /* MessageView.swift in Sources */,
				00A6F35927851B1000867E14 /* Post.swift in Sources */,
				00994B0D2786664100A47B84 /* SignInWithAppleButton.swift in Sources */,
				003141B92787B72600FABFCD /* ImageManager.swift in Sources */,
				00A6F3612785281D00867E14 /* Comment.swift in Sources */,
				00A6F3672785793B00867E14 /* ImageGridView.swift in Sources */,
				00A6F35B278522F200867E14 /* PostArrayObject.swift in Sources */,
				00A6F36F27858B7800867E14 /* ProfileView.swift in Sources */,
				00A6F36327852D4D00867E14 /* BrowseView.swift in Sources */,
				00994B112786718100A47B84 /* LikeAnimationView.swift in Sources */,
				00A6F3562785175200867E14 /* PostView.swift in Sources */,
				00994B0727865D7B00A47B84 /* SettingsEditImageView.swift in Sources */,
				00A6F35D2785251600867E14 /* CommentsView.swift in Sources */,
				00A6F37127858C5000867E14 /* ProfileHeaderView.swift in Sources */,
				00A6F36927857DE000867E14 /* UploadView.swift in Sources */,
				00994B0B278664E700A47B84 /* OnboardingView.swift in Sources */,
				00A6F36B2785804C00867E14 /* ImagePicker.swift in Sources */,
				00A6F36527852E6B00867E14 /* CarouselView.swift in Sources */,
				00BF95F22785113D0049B4A0 /* ColorExtensions.swift in Sources */,
				003141BB2787FFF900FABFCD /* DataService.swift in Sources */,
				00A6F37327859A6400867E14 /* SettingsView.swift in Sources */,
				00994B0527865A9600A47B84 /* SettingsEditTextView.swift in Sources */,
				005BC4062786E6DD00147B52 /* AuthService.swift in Sources */,
				00994B0F2786687600A47B84 /* OnboardringViewPart2.swift in Sources */,
				00A6F37727859D8B00867E14 /* SettingsRowView.swift in Sources */,
			);
			runOnlyForDeploymentPostprocessing = 0;
		};
/* End PBXSourcesBuildPhase section */

/* Begin XCBuildConfiguration section */
		00BF95EB27850F500049B4A0 /* Debug */ = {
			isa = XCBuildConfiguration;
			buildSettings = {
				ALWAYS_SEARCH_USER_PATHS = NO;
				CLANG_ANALYZER_NONNULL = YES;
				CLANG_ANALYZER_NUMBER_OBJECT_CONVERSION = YES_AGGRESSIVE;
				CLANG_CXX_LANGUAGE_STANDARD = "gnu++17";
				CLANG_CXX_LIBRARY = "libc++";
				CLANG_ENABLE_MODULES = YES;
				CLANG_ENABLE_OBJC_ARC = YES;
				CLANG_ENABLE_OBJC_WEAK = YES;
				CLANG_WARN_BLOCK_CAPTURE_AUTORELEASING = YES;
				CLANG_WARN_BOOL_CONVERSION = YES;
				CLANG_WARN_COMMA = YES;
				CLANG_WARN_CONSTANT_CONVERSION = YES;
				CLANG_WARN_DEPRECATED_OBJC_IMPLEMENTATIONS = YES;
				CLANG_WARN_DIRECT_OBJC_ISA_USAGE = YES_ERROR;
				CLANG_WARN_DOCUMENTATION_COMMENTS = YES;
				CLANG_WARN_EMPTY_BODY = YES;
				CLANG_WARN_ENUM_CONVERSION = YES;
				CLANG_WARN_INFINITE_RECURSION = YES;
				CLANG_WARN_INT_CONVERSION = YES;
				CLANG_WARN_NON_LITERAL_NULL_CONVERSION = YES;
				CLANG_WARN_OBJC_IMPLICIT_RETAIN_SELF = YES;
				CLANG_WARN_OBJC_LITERAL_CONVERSION = YES;
				CLANG_WARN_OBJC_ROOT_CLASS = YES_ERROR;
				CLANG_WARN_QUOTED_INCLUDE_IN_FRAMEWORK_HEADER = YES;
				CLANG_WARN_RANGE_LOOP_ANALYSIS = YES;
				CLANG_WARN_STRICT_PROTOTYPES = YES;
				CLANG_WARN_SUSPICIOUS_MOVE = YES;
				CLANG_WARN_UNGUARDED_AVAILABILITY = YES_AGGRESSIVE;
				CLANG_WARN_UNREACHABLE_CODE = YES;
				CLANG_WARN__DUPLICATE_METHOD_MATCH = YES;
				COPY_PHASE_STRIP = NO;
				DEBUG_INFORMATION_FORMAT = dwarf;
				ENABLE_STRICT_OBJC_MSGSEND = YES;
				ENABLE_TESTABILITY = YES;
				GCC_C_LANGUAGE_STANDARD = gnu11;
				GCC_DYNAMIC_NO_PIC = NO;
				GCC_NO_COMMON_BLOCKS = YES;
				GCC_OPTIMIZATION_LEVEL = 0;
				GCC_PREPROCESSOR_DEFINITIONS = (
					"DEBUG=1",
					"$(inherited)",
				);
				GCC_WARN_64_TO_32_BIT_CONVERSION = YES;
				GCC_WARN_ABOUT_RETURN_TYPE = YES_ERROR;
				GCC_WARN_UNDECLARED_SELECTOR = YES;
				GCC_WARN_UNINITIALIZED_AUTOS = YES_AGGRESSIVE;
				GCC_WARN_UNUSED_FUNCTION = YES;
				GCC_WARN_UNUSED_VARIABLE = YES;
				IPHONEOS_DEPLOYMENT_TARGET = 15.2;
				MTL_ENABLE_DEBUG_INFO = INCLUDE_SOURCE;
				MTL_FAST_MATH = YES;
				ONLY_ACTIVE_ARCH = YES;
				SDKROOT = iphoneos;
				SWIFT_ACTIVE_COMPILATION_CONDITIONS = DEBUG;
				SWIFT_OPTIMIZATION_LEVEL = "-Onone";
			};
			name = Debug;
		};
		00BF95EC27850F500049B4A0 /* Release */ = {
			isa = XCBuildConfiguration;
			buildSettings = {
				ALWAYS_SEARCH_USER_PATHS = NO;
				CLANG_ANALYZER_NONNULL = YES;
				CLANG_ANALYZER_NUMBER_OBJECT_CONVERSION = YES_AGGRESSIVE;
				CLANG_CXX_LANGUAGE_STANDARD = "gnu++17";
				CLANG_CXX_LIBRARY = "libc++";
				CLANG_ENABLE_MODULES = YES;
				CLANG_ENABLE_OBJC_ARC = YES;
				CLANG_ENABLE_OBJC_WEAK = YES;
				CLANG_WARN_BLOCK_CAPTURE_AUTORELEASING = YES;
				CLANG_WARN_BOOL_CONVERSION = YES;
				CLANG_WARN_COMMA = YES;
				CLANG_WARN_CONSTANT_CONVERSION = YES;
				CLANG_WARN_DEPRECATED_OBJC_IMPLEMENTATIONS = YES;
				CLANG_WARN_DIRECT_OBJC_ISA_USAGE = YES_ERROR;
				CLANG_WARN_DOCUMENTATION_COMMENTS = YES;
				CLANG_WARN_EMPTY_BODY = YES;
				CLANG_WARN_ENUM_CONVERSION = YES;
				CLANG_WARN_INFINITE_RECURSION = YES;
				CLANG_WARN_INT_CONVERSION = YES;
				CLANG_WARN_NON_LITERAL_NULL_CONVERSION = YES;
				CLANG_WARN_OBJC_IMPLICIT_RETAIN_SELF = YES;
				CLANG_WARN_OBJC_LITERAL_CONVERSION = YES;
				CLANG_WARN_OBJC_ROOT_CLASS = YES_ERROR;
				CLANG_WARN_QUOTED_INCLUDE_IN_FRAMEWORK_HEADER = YES;
				CLANG_WARN_RANGE_LOOP_ANALYSIS = YES;
				CLANG_WARN_STRICT_PROTOTYPES = YES;
				CLANG_WARN_SUSPICIOUS_MOVE = YES;
				CLANG_WARN_UNGUARDED_AVAILABILITY = YES_AGGRESSIVE;
				CLANG_WARN_UNREACHABLE_CODE = YES;
				CLANG_WARN__DUPLICATE_METHOD_MATCH = YES;
				COPY_PHASE_STRIP = NO;
				DEBUG_INFORMATION_FORMAT = "dwarf-with-dsym";
				ENABLE_NS_ASSERTIONS = NO;
				ENABLE_STRICT_OBJC_MSGSEND = YES;
				GCC_C_LANGUAGE_STANDARD = gnu11;
				GCC_NO_COMMON_BLOCKS = YES;
				GCC_WARN_64_TO_32_BIT_CONVERSION = YES;
				GCC_WARN_ABOUT_RETURN_TYPE = YES_ERROR;
				GCC_WARN_UNDECLARED_SELECTOR = YES;
				GCC_WARN_UNINITIALIZED_AUTOS = YES_AGGRESSIVE;
				GCC_WARN_UNUSED_FUNCTION = YES;
				GCC_WARN_UNUSED_VARIABLE = YES;
				IPHONEOS_DEPLOYMENT_TARGET = 15.2;
				MTL_ENABLE_DEBUG_INFO = NO;
				MTL_FAST_MATH = YES;
				SDKROOT = iphoneos;
				SWIFT_COMPILATION_MODE = wholemodule;
				SWIFT_OPTIMIZATION_LEVEL = "-O";
				VALIDATE_PRODUCT = YES;
			};
			name = Release;
		};
		00BF95EE27850F500049B4A0 /* Debug */ = {
			isa = XCBuildConfiguration;
			baseConfigurationReference = E3CE9F1EC049F8D9D6D6F073 /* Pods-Social.debug.xcconfig */;
			buildSettings = {
				ASSETCATALOG_COMPILER_APPICON_NAME = AppIcon;
				ASSETCATALOG_COMPILER_GLOBAL_ACCENT_COLOR_NAME = AccentColor;
				CODE_SIGN_STYLE = Automatic;
				CURRENT_PROJECT_VERSION = 1;
				DEVELOPMENT_ASSET_PATHS = "\"Social/Preview Content\"";
				DEVELOPMENT_TEAM = QH7853B55W;
				ENABLE_PREVIEWS = YES;
				GENERATE_INFOPLIST_FILE = YES;
				INFOPLIST_FILE = Social/Info.plist;
				INFOPLIST_KEY_NSCameraUsageDescription = "This app uses the camera at the user's request to take a photo.";
				INFOPLIST_KEY_NSPhotoLibraryUsageDescription = "This allows the app to access the photo library to import or save a photo at the user's request";
				INFOPLIST_KEY_UIApplicationSceneManifest_Generation = YES;
				INFOPLIST_KEY_UIApplicationSupportsIndirectInputEvents = YES;
				INFOPLIST_KEY_UILaunchScreen_Generation = YES;
				INFOPLIST_KEY_UILaunchStoryboardName = LaunchScreen;
				INFOPLIST_KEY_UISupportedInterfaceOrientations = UIInterfaceOrientationPortrait;
				INFOPLIST_KEY_UISupportedInterfaceOrientations_iPad = "UIInterfaceOrientationPortrait UIInterfaceOrientationPortraitUpsideDown UIInterfaceOrientationLandscapeLeft UIInterfaceOrientationLandscapeRight";
				INFOPLIST_KEY_UISupportedInterfaceOrientations_iPhone = "UIInterfaceOrientationPortrait UIInterfaceOrientationLandscapeLeft UIInterfaceOrientationLandscapeRight";
				LD_RUNPATH_SEARCH_PATHS = (
					"$(inherited)",
					"@executable_path/Frameworks",
				);
				MARKETING_VERSION = 1.0;
				PRODUCT_BUNDLE_IDENTIFIER = dev.aybarsacar.Social;
				PRODUCT_NAME = "$(TARGET_NAME)";
				SWIFT_EMIT_LOC_STRINGS = YES;
				SWIFT_VERSION = 5.0;
				TARGETED_DEVICE_FAMILY = "1,2";
			};
			name = Debug;
		};
		00BF95EF27850F500049B4A0 /* Release */ = {
			isa = XCBuildConfiguration;
			baseConfigurationReference = 079B4646289EF45A4A239993 /* Pods-Social.release.xcconfig */;
			buildSettings = {
				ASSETCATALOG_COMPILER_APPICON_NAME = AppIcon;
				ASSETCATALOG_COMPILER_GLOBAL_ACCENT_COLOR_NAME = AccentColor;
				CODE_SIGN_STYLE = Automatic;
				CURRENT_PROJECT_VERSION = 1;
				DEVELOPMENT_ASSET_PATHS = "\"Social/Preview Content\"";
				DEVELOPMENT_TEAM = QH7853B55W;
				ENABLE_PREVIEWS = YES;
				GENERATE_INFOPLIST_FILE = YES;
				INFOPLIST_FILE = Social/Info.plist;
				INFOPLIST_KEY_NSCameraUsageDescription = "This app uses the camera at the user's request to take a photo.";
				INFOPLIST_KEY_NSPhotoLibraryUsageDescription = "This allows the app to access the photo library to import or save a photo at the user's request";
				INFOPLIST_KEY_UIApplicationSceneManifest_Generation = YES;
				INFOPLIST_KEY_UIApplicationSupportsIndirectInputEvents = YES;
				INFOPLIST_KEY_UILaunchScreen_Generation = YES;
				INFOPLIST_KEY_UILaunchStoryboardName = LaunchScreen;
				INFOPLIST_KEY_UISupportedInterfaceOrientations = UIInterfaceOrientationPortrait;
				INFOPLIST_KEY_UISupportedInterfaceOrientations_iPad = "UIInterfaceOrientationPortrait UIInterfaceOrientationPortraitUpsideDown UIInterfaceOrientationLandscapeLeft UIInterfaceOrientationLandscapeRight";
				INFOPLIST_KEY_UISupportedInterfaceOrientations_iPhone = "UIInterfaceOrientationPortrait UIInterfaceOrientationLandscapeLeft UIInterfaceOrientationLandscapeRight";
				LD_RUNPATH_SEARCH_PATHS = (
					"$(inherited)",
					"@executable_path/Frameworks",
				);
				MARKETING_VERSION = 1.0;
				PRODUCT_BUNDLE_IDENTIFIER = dev.aybarsacar.Social;
				PRODUCT_NAME = "$(TARGET_NAME)";
				SWIFT_EMIT_LOC_STRINGS = YES;
				SWIFT_VERSION = 5.0;
				TARGETED_DEVICE_FAMILY = "1,2";
			};
			name = Release;
		};
/* End XCBuildConfiguration section */

/* Begin XCConfigurationList section */
		00BF95DA27850F4E0049B4A0 /* Build configuration list for PBXProject "Social" */ = {
			isa = XCConfigurationList;
			buildConfigurations = (
				00BF95EB27850F500049B4A0 /* Debug */,
				00BF95EC27850F500049B4A0 /* Release */,
			);
			defaultConfigurationIsVisible = 0;
			defaultConfigurationName = Release;
		};
		00BF95ED27850F500049B4A0 /* Build configuration list for PBXNativeTarget "Social" */ = {
			isa = XCConfigurationList;
			buildConfigurations = (
				00BF95EE27850F500049B4A0 /* Debug */,
				00BF95EF27850F500049B4A0 /* Release */,
			);
			defaultConfigurationIsVisible = 0;
			defaultConfigurationName = Release;
		};
/* End XCConfigurationList section */
	};
	rootObject = 00BF95D727850F4E0049B4A0 /* Project object */;
}
